
Microsoft Visual Studio Solution File, Format Version 12.00
# Visual Studio Version 16
VisualStudioVersion = 16.0.33801.447
MinimumVisualStudioVersion = 10.0.40219.1
Project("{FAE04EC0-301F-11D3-BF4B-00C04F79EFBC}") = "KasirApp", "KasirApp.csproj", "{C791AF75-FC4E-49DD-AE00-78A8A3A667E7}"
EndProject
Project("{FAE04EC0-301F-11D3-BF4B-00C04F79EFBC}") = "DatabaseMigrate", "..\DatabaseMigrate\DatabaseMigrate.csproj", "{E943BBF1-957E-4A44-9042-8A11E0BA4FCC}"
EndProject
Project("{54435603-DBB4-11D2-8724-00A0C9A8B90C}") = "Setup3", "..\Setup3\Setup3.vdproj", "{C86C7E81-292C-401D-856C-653BF61DDB4F}"
EndProject
Global
	GlobalSection(SolutionConfigurationPlatforms) = preSolution
		All|Any CPU = All|Any CPU
		Debug|Any CPU = Debug|Any CPU
		Release|Any CPU = Release|Any CPU
	EndGlobalSection
	GlobalSection(ProjectConfigurationPlatforms) = postSolution
		{C791AF75-FC4E-49DD-AE00-78A8A3A667E7}.All|Any CPU.ActiveCfg = Release|Any CPU
		{C791AF75-FC4E-49DD-AE00-78A8A3A667E7}.All|Any CPU.Build.0 = Release|Any CPU
		{C791AF75-FC4E-49DD-AE00-78A8A3A667E7}.Debug|Any CPU.ActiveCfg = Debug|Any CPU
		{C791AF75-FC4E-49DD-AE00-78A8A3A667E7}.Debug|Any CPU.Build.0 = Debug|Any CPU
		{C791AF75-FC4E-49DD-AE00-78A8A3A667E7}.Release|Any CPU.ActiveCfg = Release|Any CPU
		{C791AF75-FC4E-49DD-AE00-78A8A3A667E7}.Release|Any CPU.Build.0 = Release|Any CPU
		{E943BBF1-957E-4A44-9042-8A11E0BA4FCC}.All|Any CPU.ActiveCfg = Release|Any CPU
		{E943BBF1-957E-4A44-9042-8A11E0BA4FCC}.All|Any CPU.Build.0 = Release|Any CPU
		{E943BBF1-957E-4A44-9042-8A11E0BA4FCC}.Debug|Any CPU.ActiveCfg = Debug|Any CPU
		{E943BBF1-957E-4A44-9042-8A11E0BA4FCC}.Debug|Any CPU.Build.0 = Debug|Any CPU
		{E943BBF1-957E-4A44-9042-8A11E0BA4FCC}.Release|Any CPU.ActiveCfg = Release|Any CPU
		{E943BBF1-957E-4A44-9042-8A11E0BA4FCC}.Release|Any CPU.Build.0 = Release|Any CPU
		{C86C7E81-292C-401D-856C-653BF61DDB4F}.All|Any CPU.ActiveCfg = Debug
		{C86C7E81-292C-401D-856C-653BF61DDB4F}.Debug|Any CPU.ActiveCfg = Debug
		{C86C7E81-292C-401D-856C-653BF61DDB4F}.Release|Any CPU.ActiveCfg = Release
	EndGlobalSection
	GlobalSection(SolutionProperties) = preSolution
		HideSolutionNode = FALSE
	EndGlobalSection
	GlobalSection(ExtensibilityGlobals) = postSolution
		SolutionGuid = {78FF6A4F-CFF4-41E2-A436-803CBD80088F}
	EndGlobalSection
EndGlobal
